
Microsoft Visual Studio Solution File, Format Version 12.00
# Visual Studio Version 17
VisualStudioVersion = 17.7.34024.191
MinimumVisualStudioVersion = 10.0.40219.1
Project("{FAE04EC0-301F-11D3-BF4B-00C04F79EFBC}") = "conversionesEjemplo2", "conversionesEjemplo2.csproj", "{AA21DD62-AF1E-43B6-926D-73922FF6DB1B}"
EndProject
Global
	GlobalSection(SolutionConfigurationPlatforms) = preSolution
		Debug|Any CPU = Debug|Any CPU
		Release|Any CPU = Release|Any CPU
	EndGlobalSection
	GlobalSection(ProjectConfigurationPlatforms) = postSolution
		{AA21DD62-AF1E-43B6-926D-73922FF6DB1B}.Debug|Any CPU.ActiveCfg = Debug|Any CPU
		{AA21DD62-AF1E-43B6-926D-73922FF6DB1B}.Debug|Any CPU.Build.0 = Debug|Any CPU
		{AA21DD62-AF1E-43B6-926D-73922FF6DB1B}.Release|Any CPU.ActiveCfg = Release|Any CPU
		{AA21DD62-AF1E-43B6-926D-73922FF6DB1B}.Release|Any CPU.Build.0 = Release|Any CPU
	EndGlobalSection
	GlobalSection(SolutionProperties) = preSolution
		HideSolutionNode = FALSE
	EndGlobalSection
	GlobalSection(ExtensibilityGlobals) = postSolution
		SolutionGuid = {BB924ED1-8E34-473D-8758-D634A370B4AE}
	EndGlobalSection
EndGlobal
