
Microsoft Visual Studio Solution File, Format Version 12.00
# Visual Studio Version 17
VisualStudioVersion = 17.7.34024.191
MinimumVisualStudioVersion = 10.0.40219.1
Project("{FAE04EC0-301F-11D3-BF4B-00C04F79EFBC}") = "miPrimerApp", "miPrimerApp\miPrimerApp.csproj", "{2C8BA9F5-6442-4677-A5F8-A396D5758D5F}"
EndProject
Global
	GlobalSection(SolutionConfigurationPlatforms) = preSolution
		Debug|Any CPU = Debug|Any CPU
		Release|Any CPU = Release|Any CPU
	EndGlobalSection
	GlobalSection(ProjectConfigurationPlatforms) = postSolution
		{2C8BA9F5-6442-4677-A5F8-A396D5758D5F}.Debug|Any CPU.ActiveCfg = Debug|Any CPU
		{2C8BA9F5-6442-4677-A5F8-A396D5758D5F}.Debug|Any CPU.Build.0 = Debug|Any CPU
		{2C8BA9F5-6442-4677-A5F8-A396D5758D5F}.Release|Any CPU.ActiveCfg = Release|Any CPU
		{2C8BA9F5-6442-4677-A5F8-A396D5758D5F}.Release|Any CPU.Build.0 = Release|Any CPU
	EndGlobalSection
	GlobalSection(SolutionProperties) = preSolution
		HideSolutionNode = FALSE
	EndGlobalSection
	GlobalSection(ExtensibilityGlobals) = postSolution
		SolutionGuid = {501E0E91-91A4-4506-8226-D162A66D7DAC}
	EndGlobalSection
EndGlobal
