
Microsoft Visual Studio Solution File, Format Version 12.00
# Visual Studio Version 17
VisualStudioVersion = 17.7.34024.191
MinimumVisualStudioVersion = 10.0.40219.1
Project("{FAE04EC0-301F-11D3-BF4B-00C04F79EFBC}") = "MiPrimerFormulario", "MiPrimerFormulario.csproj", "{D0763246-D30F-4F58-AE63-21D9C5A74078}"
EndProject
Global
	GlobalSection(SolutionConfigurationPlatforms) = preSolution
		Debug|Any CPU = Debug|Any CPU
		Release|Any CPU = Release|Any CPU
	EndGlobalSection
	GlobalSection(ProjectConfigurationPlatforms) = postSolution
		{D0763246-D30F-4F58-AE63-21D9C5A74078}.Debug|Any CPU.ActiveCfg = Debug|Any CPU
		{D0763246-D30F-4F58-AE63-21D9C5A74078}.Debug|Any CPU.Build.0 = Debug|Any CPU
		{D0763246-D30F-4F58-AE63-21D9C5A74078}.Release|Any CPU.ActiveCfg = Release|Any CPU
		{D0763246-D30F-4F58-AE63-21D9C5A74078}.Release|Any CPU.Build.0 = Release|Any CPU
	EndGlobalSection
	GlobalSection(SolutionProperties) = preSolution
		HideSolutionNode = FALSE
	EndGlobalSection
	GlobalSection(ExtensibilityGlobals) = postSolution
		SolutionGuid = {6700CE90-A4BA-4A45-AEC7-7CF0C65DBF8A}
	EndGlobalSection
EndGlobal
