
Microsoft Visual Studio Solution File, Format Version 12.00
# Visual Studio Version 17
VisualStudioVersion = 17.7.34024.191
MinimumVisualStudioVersion = 10.0.40219.1
Project("{FAE04EC0-301F-11D3-BF4B-00C04F79EFBC}") = "condicionales", "condicionales.csproj", "{12A0B5DF-A565-46F3-9C38-2170DBADB88D}"
EndProject
Global
	GlobalSection(SolutionConfigurationPlatforms) = preSolution
		Debug|Any CPU = Debug|Any CPU
		Release|Any CPU = Release|Any CPU
	EndGlobalSection
	GlobalSection(ProjectConfigurationPlatforms) = postSolution
		{12A0B5DF-A565-46F3-9C38-2170DBADB88D}.Debug|Any CPU.ActiveCfg = Debug|Any CPU
		{12A0B5DF-A565-46F3-9C38-2170DBADB88D}.Debug|Any CPU.Build.0 = Debug|Any CPU
		{12A0B5DF-A565-46F3-9C38-2170DBADB88D}.Release|Any CPU.ActiveCfg = Release|Any CPU
		{12A0B5DF-A565-46F3-9C38-2170DBADB88D}.Release|Any CPU.Build.0 = Release|Any CPU
	EndGlobalSection
	GlobalSection(SolutionProperties) = preSolution
		HideSolutionNode = FALSE
	EndGlobalSection
	GlobalSection(ExtensibilityGlobals) = postSolution
		SolutionGuid = {24B160DF-6F51-4D5A-BD5A-6E8C4C5FAF04}
	EndGlobalSection
EndGlobal
